// !$*UTF8*$!
{
	archiveVersion = 1;
	classes = {
	};
	objectVersion = 46;
	objects = {

/* Begin PBXBuildFile section */
		DCAD19491A24C92D00B6BCA9 /* main.m in Sources */ = {isa = PBXBuildFile; fileRef = DCAD19481A24C92D00B6BCA9 /* main.m */; };
		DCAD194C1A24C92D00B6BCA9 /* AppDelegate.m in Sources */ = {isa = PBXBuildFile; fileRef = DCAD194B1A24C92D00B6BCA9 /* AppDelegate.m */; };
		DCAD194F1A24C92D00B6BCA9 /* ViewController.m in Sources */ = {isa = PBXBuildFile; fileRef = DCAD194E1A24C92D00B6BCA9 /* ViewController.m */; };
		DCAD19521A24C92D00B6BCA9 /* Main.storyboard in Resources */ = {isa = PBXBuildFile; fileRef = DCAD19501A24C92D00B6BCA9 /* Main.storyboard */; };
		DCAD19541A24C92D00B6BCA9 /* Images.xcassets in Resources */ = {isa = PBXBuildFile; fileRef = DCAD19531A24C92D00B6BCA9 /* Images.xcassets */; };
		DCAD19571A24C92D00B6BCA9 /* LaunchScreen.xib in Resources */ = {isa = PBXBuildFile; fileRef = DCAD19551A24C92D00B6BCA9 /* LaunchScreen.xib */; };
		DCAD19631A24C92D00B6BCA9 /* PageControllerTests.m in Sources */ = {isa = PBXBuildFile; fileRef = DCAD19621A24C92D00B6BCA9 /* PageControllerTests.m */; };
		DCAD196E1A24CA4E00B6BCA9 /* OriginalViewController.m in Sources */ = {isa = PBXBuildFile; fileRef = DCAD196D1A24CA4E00B6BCA9 /* OriginalViewController.m */; };
		DCAD19791A24E0D900B6BCA9 /* AnotherViewController.m in Sources */ = {isa = PBXBuildFile; fileRef = DCAD19781A24E0D900B6BCA9 /* AnotherViewController.m */; };
		DCAD197C1A24E52000B6BCA9 /* DashBaseViewController.m in Sources */ = {isa = PBXBuildFile; fileRef = DCAD197B1A24E52000B6BCA9 /* DashBaseViewController.m */; };
/* End PBXBuildFile section */

/* Begin PBXContainerItemProxy section */
		DCAD195D1A24C92D00B6BCA9 /* PBXContainerItemProxy */ = {
			isa = PBXContainerItemProxy;
			containerPortal = DCAD193B1A24C92D00B6BCA9 /* Project object */;
			proxyType = 1;
			remoteGlobalIDString = DCAD19421A24C92D00B6BCA9;
			remoteInfo = PageController;
		};
/* End PBXContainerItemProxy section */

/* Begin PBXFileReference section */
		DCAD19431A24C92D00B6BCA9 /* PageController.app */ = {isa = PBXFileReference; explicitFileType = wrapper.application; includeInIndex = 0; path = PageController.app; sourceTree = BUILT_PRODUCTS_DIR; };
		DCAD19471A24C92D00B6BCA9 /* Info.plist */ = {isa = PBXFileReference; lastKnownFileType = text.plist.xml; path = Info.plist; sourceTree = "<group>"; };
		DCAD19481A24C92D00B6BCA9 /* main.m */ = {isa = PBXFileReference; lastKnownFileType = sourcecode.c.objc; path = main.m; sourceTree = "<group>"; };
		DCAD194A1A24C92D00B6BCA9 /* AppDelegate.h */ = {isa = PBXFileReference; lastKnownFileType = sourcecode.c.h; path = AppDelegate.h; sourceTree = "<group>"; };
		DCAD194B1A24C92D00B6BCA9 /* AppDelegate.m */ = {isa = PBXFileReference; lastKnownFileType = sourcecode.c.objc; path = AppDelegate.m; sourceTree = "<group>"; };
		DCAD194D1A24C92D00B6BCA9 /* ViewController.h */ = {isa = PBXFileReference; lastKnownFileType = sourcecode.c.h; path = ViewController.h; sourceTree = "<group>"; };
		DCAD194E1A24C92D00B6BCA9 /* ViewController.m */ = {isa = PBXFileReference; lastKnownFileType = sourcecode.c.objc; path = ViewController.m; sourceTree = "<group>"; };
		DCAD19511A24C92D00B6BCA9 /* Base */ = {isa = PBXFileReference; lastKnownFileType = file.storyboard; name = Base; path = Base.lproj/Main.storyboard; sourceTree = "<group>"; };
		DCAD19531A24C92D00B6BCA9 /* Images.xcassets */ = {isa = PBXFileReference; lastKnownFileType = folder.assetcatalog; path = Images.xcassets; sourceTree = "<group>"; };
		DCAD19561A24C92D00B6BCA9 /* Base */ = {isa = PBXFileReference; lastKnownFileType = file.xib; name = Base; path = Base.lproj/LaunchScreen.xib; sourceTree = "<group>"; };
		DCAD195C1A24C92D00B6BCA9 /* PageControllerTests.xctest */ = {isa = PBXFileReference; explicitFileType = wrapper.cfbundle; includeInIndex = 0; path = PageControllerTests.xctest; sourceTree = BUILT_PRODUCTS_DIR; };
		DCAD19611A24C92D00B6BCA9 /* Info.plist */ = {isa = PBXFileReference; lastKnownFileType = text.plist.xml; path = Info.plist; sourceTree = "<group>"; };
		DCAD19621A24C92D00B6BCA9 /* PageControllerTests.m */ = {isa = PBXFileReference; lastKnownFileType = sourcecode.c.objc; path = PageControllerTests.m; sourceTree = "<group>"; };
		DCAD196C1A24CA4E00B6BCA9 /* OriginalViewController.h */ = {isa = PBXFileReference; fileEncoding = 4; lastKnownFileType = sourcecode.c.h; path = OriginalViewController.h; sourceTree = "<group>"; };
		DCAD196D1A24CA4E00B6BCA9 /* OriginalViewController.m */ = {isa = PBXFileReference; fileEncoding = 4; lastKnownFileType = sourcecode.c.objc; path = OriginalViewController.m; sourceTree = "<group>"; };
		DCAD19771A24E0D900B6BCA9 /* AnotherViewController.h */ = {isa = PBXFileReference; fileEncoding = 4; lastKnownFileType = sourcecode.c.h; path = AnotherViewController.h; sourceTree = "<group>"; };
		DCAD19781A24E0D900B6BCA9 /* AnotherViewController.m */ = {isa = PBXFileReference; fileEncoding = 4; lastKnownFileType = sourcecode.c.objc; path = AnotherViewController.m; sourceTree = "<group>"; };
		DCAD197A1A24E52000B6BCA9 /* DashBaseViewController.h */ = {isa = PBXFileReference; fileEncoding = 4; lastKnownFileType = sourcecode.c.h; path = DashBaseViewController.h; sourceTree = "<group>"; };
		DCAD197B1A24E52000B6BCA9 /* DashBaseViewController.m */ = {isa = PBXFileReference; fileEncoding = 4; lastKnownFileType = sourcecode.c.objc; path = DashBaseViewController.m; sourceTree = "<group>"; };
/* End PBXFileReference section */

/* Begin PBXFrameworksBuildPhase section */
		DCAD19401A24C92D00B6BCA9 /* Frameworks */ = {
			isa = PBXFrameworksBuildPhase;
			buildActionMask = 2147483647;
			files = (
			);
			runOnlyForDeploymentPostprocessing = 0;
		};
		DCAD19591A24C92D00B6BCA9 /* Frameworks */ = {
			isa = PBXFrameworksBuildPhase;
			buildActionMask = 2147483647;
			files = (
			);
			runOnlyForDeploymentPostprocessing = 0;
		};
/* End PBXFrameworksBuildPhase section */

/* Begin PBXGroup section */
		DCAD193A1A24C92D00B6BCA9 = {
			isa = PBXGroup;
			children = (
				DCAD19451A24C92D00B6BCA9 /* PageController */,
				DCAD195F1A24C92D00B6BCA9 /* PageControllerTests */,
				DCAD19441A24C92D00B6BCA9 /* Products */,
			);
			sourceTree = "<group>";
		};
		DCAD19441A24C92D00B6BCA9 /* Products */ = {
			isa = PBXGroup;
			children = (
				DCAD19431A24C92D00B6BCA9 /* PageController.app */,
				DCAD195C1A24C92D00B6BCA9 /* PageControllerTests.xctest */,
			);
			name = Products;
			sourceTree = "<group>";
		};
		DCAD19451A24C92D00B6BCA9 /* PageController */ = {
			isa = PBXGroup;
			children = (
				DCAD194A1A24C92D00B6BCA9 /* AppDelegate.h */,
				DCAD194B1A24C92D00B6BCA9 /* AppDelegate.m */,
				DCAD194D1A24C92D00B6BCA9 /* ViewController.h */,
				DCAD194E1A24C92D00B6BCA9 /* ViewController.m */,
				DCAD19501A24C92D00B6BCA9 /* Main.storyboard */,
				DCAD19531A24C92D00B6BCA9 /* Images.xcassets */,
				DCAD19551A24C92D00B6BCA9 /* LaunchScreen.xib */,
				DCAD19461A24C92D00B6BCA9 /* Supporting Files */,
				DCAD196C1A24CA4E00B6BCA9 /* OriginalViewController.h */,
				DCAD196D1A24CA4E00B6BCA9 /* OriginalViewController.m */,
				DCAD19771A24E0D900B6BCA9 /* AnotherViewController.h */,
				DCAD19781A24E0D900B6BCA9 /* AnotherViewController.m */,
				DCAD197A1A24E52000B6BCA9 /* DashBaseViewController.h */,
				DCAD197B1A24E52000B6BCA9 /* DashBaseViewController.m */,
			);
			path = PageController;
			sourceTree = "<group>";
		};
		DCAD19461A24C92D00B6BCA9 /* Supporting Files */ = {
			isa = PBXGroup;
			children = (
				DCAD19471A24C92D00B6BCA9 /* Info.plist */,
				DCAD19481A24C92D00B6BCA9 /* main.m */,
			);
			name = "Supporting Files";
			sourceTree = "<group>";
		};
		DCAD195F1A24C92D00B6BCA9 /* PageControllerTests */ = {
			isa = PBXGroup;
			children = (
				DCAD19621A24C92D00B6BCA9 /* PageControllerTests.m */,
				DCAD19601A24C92D00B6BCA9 /* Supporting Files */,
			);
			path = PageControllerTests;
			sourceTree = "<group>";
		};
		DCAD19601A24C92D00B6BCA9 /* Supporting Files */ = {
			isa = PBXGroup;
			children = (
				DCAD19611A24C92D00B6BCA9 /* Info.plist */,
			);
			name = "Supporting Files";
			sourceTree = "<group>";
		};
/* End PBXGroup section */

/* Begin PBXNativeTarget section */
		DCAD19421A24C92D00B6BCA9 /* PageController */ = {
			isa = PBXNativeTarget;
			buildConfigurationList = DCAD19661A24C92D00B6BCA9 /* Build configuration list for PBXNativeTarget "PageController" */;
			buildPhases = (
				DCAD193F1A24C92D00B6BCA9 /* Sources */,
				DCAD19401A24C92D00B6BCA9 /* Frameworks */,
				DCAD19411A24C92D00B6BCA9 /* Resources */,
			);
			buildRules = (
			);
			dependencies = (
			);
			name = PageController;
			productName = PageController;
			productReference = DCAD19431A24C92D00B6BCA9 /* PageController.app */;
			productType = "com.apple.product-type.application";
		};
		DCAD195B1A24C92D00B6BCA9 /* PageControllerTests */ = {
			isa = PBXNativeTarget;
			buildConfigurationList = DCAD19691A24C92D00B6BCA9 /* Build configuration list for PBXNativeTarget "PageControllerTests" */;
			buildPhases = (
				DCAD19581A24C92D00B6BCA9 /* Sources */,
				DCAD19591A24C92D00B6BCA9 /* Frameworks */,
				DCAD195A1A24C92D00B6BCA9 /* Resources */,
			);
			buildRules = (
			);
			dependencies = (
				DCAD195E1A24C92D00B6BCA9 /* PBXTargetDependency */,
			);
			name = PageControllerTests;
			productName = PageControllerTests;
			productReference = DCAD195C1A24C92D00B6BCA9 /* PageControllerTests.xctest */;
			productType = "com.apple.product-type.bundle.unit-test";
		};
/* End PBXNativeTarget section */

/* Begin PBXProject section */
		DCAD193B1A24C92D00B6BCA9 /* Project object */ = {
			isa = PBXProject;
			attributes = {
				LastUpgradeCheck = 0610;
				ORGANIZATIONNAME = "Adam Johns";
				TargetAttributes = {
					DCAD19421A24C92D00B6BCA9 = {
						CreatedOnToolsVersion = 6.1;
					};
					DCAD195B1A24C92D00B6BCA9 = {
						CreatedOnToolsVersion = 6.1;
						TestTargetID = DCAD19421A24C92D00B6BCA9;
					};
				};
			};
			buildConfigurationList = DCAD193E1A24C92D00B6BCA9 /* Build configuration list for PBXProject "PageController" */;
			compatibilityVersion = "Xcode 3.2";
			developmentRegion = English;
			hasScannedForEncodings = 0;
			knownRegions = (
				en,
				Base,
			);
			mainGroup = DCAD193A1A24C92D00B6BCA9;
			productRefGroup = DCAD19441A24C92D00B6BCA9 /* Products */;
			projectDirPath = "";
			projectRoot = "";
			targets = (
				DCAD19421A24C92D00B6BCA9 /* PageController */,
				DCAD195B1A24C92D00B6BCA9 /* PageControllerTests */,
			);
		};
/* End PBXProject section */

/* Begin PBXResourcesBuildPhase section */
		DCAD19411A24C92D00B6BCA9 /* Resources */ = {
			isa = PBXResourcesBuildPhase;
			buildActionMask = 2147483647;
			files = (
				DCAD19521A24C92D00B6BCA9 /* Main.storyboard in Resources */,
				DCAD19571A24C92D00B6BCA9 /* LaunchScreen.xib in Resources */,
				DCAD19541A24C92D00B6BCA9 /* Images.xcassets in Resources */,
			);
			runOnlyForDeploymentPostprocessing = 0;
		};
		DCAD195A1A24C92D00B6BCA9 /* Resources */ = {
			isa = PBXResourcesBuildPhase;
			buildActionMask = 2147483647;
			files = (
			);
			runOnlyForDeploymentPostprocessing = 0;
		};
/* End PBXResourcesBuildPhase section */

/* Begin PBXSourcesBuildPhase section */
		DCAD193F1A24C92D00B6BCA9 /* Sources */ = {
			isa = PBXSourcesBuildPhase;
			buildActionMask = 2147483647;
			files = (
				DCAD194F1A24C92D00B6BCA9 /* ViewController.m in Sources */,
				DCAD197C1A24E52000B6BCA9 /* DashBaseViewController.m in Sources */,
				DCAD196E1A24CA4E00B6BCA9 /* OriginalViewController.m in Sources */,
				DCAD194C1A24C92D00B6BCA9 /* AppDelegate.m in Sources */,
				DCAD19791A24E0D900B6BCA9 /* AnotherViewController.m in Sources */,
				DCAD19491A24C92D00B6BCA9 /* main.m in Sources */,
			);
			runOnlyForDeploymentPostprocessing = 0;
		};
		DCAD19581A24C92D00B6BCA9 /* Sources */ = {
			isa = PBXSourcesBuildPhase;
			buildActionMask = 2147483647;
			files = (
				DCAD19631A24C92D00B6BCA9 /* PageControllerTests.m in Sources */,
			);
			runOnlyForDeploymentPostprocessing = 0;
		};
/* End PBXSourcesBuildPhase section */

/* Begin PBXTargetDependency section */
		DCAD195E1A24C92D00B6BCA9 /* PBXTargetDependency */ = {
			isa = PBXTargetDependency;
			target = DCAD19421A24C92D00B6BCA9 /* PageController */;
			targetProxy = DCAD195D1A24C92D00B6BCA9 /* PBXContainerItemProxy */;
		};
/* End PBXTargetDependency section */

/* Begin PBXVariantGroup section */
		DCAD19501A24C92D00B6BCA9 /* Main.storyboard */ = {
			isa = PBXVariantGroup;
			children = (
				DCAD19511A24C92D00B6BCA9 /* Base */,
			);
			name = Main.storyboard;
			sourceTree = "<group>";
		};
		DCAD19551A24C92D00B6BCA9 /* LaunchScreen.xib */ = {
			isa = PBXVariantGroup;
			children = (
				DCAD19561A24C92D00B6BCA9 /* Base */,
			);
			name = LaunchScreen.xib;
			sourceTree = "<group>";
		};
/* End PBXVariantGroup section */

/* Begin XCBuildConfiguration section */
		DCAD19641A24C92D00B6BCA9 /* Debug */ = {
			isa = XCBuildConfiguration;
			buildSettings = {
				ALWAYS_SEARCH_USER_PATHS = NO;
				CLANG_CXX_LANGUAGE_STANDARD = "gnu++0x";
				CLANG_CXX_LIBRARY = "libc++";
				CLANG_ENABLE_MODULES = YES;
				CLANG_ENABLE_OBJC_ARC = YES;
				CLANG_WARN_BOOL_CONVERSION = YES;
				CLANG_WARN_CONSTANT_CONVERSION = YES;
				CLANG_WARN_DIRECT_OBJC_ISA_USAGE = YES_ERROR;
				CLANG_WARN_EMPTY_BODY = YES;
				CLANG_WARN_ENUM_CONVERSION = YES;
				CLANG_WARN_INT_CONVERSION = YES;
				CLANG_WARN_OBJC_ROOT_CLASS = YES_ERROR;
				CLANG_WARN_UNREACHABLE_CODE = YES;
				CLANG_WARN__DUPLICATE_METHOD_MATCH = YES;
				"CODE_SIGN_IDENTITY[sdk=iphoneos*]" = "iPhone Developer";
				COPY_PHASE_STRIP = NO;
				ENABLE_STRICT_OBJC_MSGSEND = YES;
				GCC_C_LANGUAGE_STANDARD = gnu99;
				GCC_DYNAMIC_NO_PIC = NO;
				GCC_OPTIMIZATION_LEVEL = 0;
				GCC_PREPROCESSOR_DEFINITIONS = (
					"DEBUG=1",
					"$(inherited)",
				);
				GCC_SYMBOLS_PRIVATE_EXTERN = NO;
				GCC_WARN_64_TO_32_BIT_CONVERSION = YES;
				GCC_WARN_ABOUT_RETURN_TYPE = YES_ERROR;
				GCC_WARN_UNDECLARED_SELECTOR = YES;
				GCC_WARN_UNINITIALIZED_AUTOS = YES_AGGRESSIVE;
				GCC_WARN_UNUSED_FUNCTION = YES;
				GCC_WARN_UNUSED_VARIABLE = YES;
				IPHONEOS_DEPLOYMENT_TARGET = 8.1;
				MTL_ENABLE_DEBUG_INFO = YES;
				ONLY_ACTIVE_ARCH = YES;
				SDKROOT = iphoneos;
				TARGETED_DEVICE_FAMILY = "1,2";
			};
			name = Debug;
		};
		DCAD19651A24C92D00B6BCA9 /* Release */ = {
			isa = XCBuildConfiguration;
			buildSettings = {
				ALWAYS_SEARCH_USER_PATHS = NO;
				CLANG_CXX_LANGUAGE_STANDARD = "gnu++0x";
				CLANG_CXX_LIBRARY = "libc++";
				CLANG_ENABLE_MODULES = YES;
				CLANG_ENABLE_OBJC_ARC = YES;
				CLANG_WARN_BOOL_CONVERSION = YES;
				CLANG_WARN_CONSTANT_CONVERSION = YES;
				CLANG_WARN_DIRECT_OBJC_ISA_USAGE = YES_ERROR;
				CLANG_WARN_EMPTY_BODY = YES;
				CLANG_WARN_ENUM_CONVERSION = YES;
				CLANG_WARN_INT_CONVERSION = YES;
				CLANG_WARN_OBJC_ROOT_CLASS = YES_ERROR;
				CLANG_WARN_UNREACHABLE_CODE = YES;
				CLANG_WARN__DUPLICATE_METHOD_MATCH = YES;
				"CODE_SIGN_IDENTITY[sdk=iphoneos*]" = "iPhone Developer";
				COPY_PHASE_STRIP = YES;
				ENABLE_NS_ASSERTIONS = NO;
				ENABLE_STRICT_OBJC_MSGSEND = YES;
				GCC_C_LANGUAGE_STANDARD = gnu99;
				GCC_WARN_64_TO_32_BIT_CONVERSION = YES;
				GCC_WARN_ABOUT_RETURN_TYPE = YES_ERROR;
				GCC_WARN_UNDECLARED_SELECTOR = YES;
				GCC_WARN_UNINITIALIZED_AUTOS = YES_AGGRESSIVE;
				GCC_WARN_UNUSED_FUNCTION = YES;
				GCC_WARN_UNUSED_VARIABLE = YES;
				IPHONEOS_DEPLOYMENT_TARGET = 8.1;
				MTL_ENABLE_DEBUG_INFO = NO;
				SDKROOT = iphoneos;
				TARGETED_DEVICE_FAMILY = "1,2";
				VALIDATE_PRODUCT = YES;
			};
			name = Release;
		};
		DCAD19671A24C92D00B6BCA9 /* Debug */ = {
			isa = XCBuildConfiguration;
			buildSettings = {
				ASSETCATALOG_COMPILER_APPICON_NAME = AppIcon;
				INFOPLIST_FILE = PageController/Info.plist;
				LD_RUNPATH_SEARCH_PATHS = "$(inherited) @executable_path/Frameworks";
				PRODUCT_NAME = "$(TARGET_NAME)";
			};
			name = Debug;
		};
		DCAD19681A24C92D00B6BCA9 /* Release */ = {
			isa = XCBuildConfiguration;
			buildSettings = {
				ASSETCATALOG_COMPILER_APPICON_NAME = AppIcon;
				INFOPLIST_FILE = PageController/Info.plist;
				LD_RUNPATH_SEARCH_PATHS = "$(inherited) @executable_path/Frameworks";
				PRODUCT_NAME = "$(TARGET_NAME)";
			};
			name = Release;
		};
		DCAD196A1A24C92D00B6BCA9 /* Debug */ = {
			isa = XCBuildConfiguration;
			buildSettings = {
				BUNDLE_LOADER = "$(TEST_HOST)";
				FRAMEWORK_SEARCH_PATHS = (
					"$(SDKROOT)/Developer/Library/Frameworks",
					"$(inherited)",
				);
				GCC_PREPROCESSOR_DEFINITIONS = (
					"DEBUG=1",
					"$(inherited)",
				);
				INFOPLIST_FILE = PageControllerTests/Info.plist;
				LD_RUNPATH_SEARCH_PATHS = "$(inherited) @executable_path/Frameworks @loader_path/Frameworks";
				PRODUCT_NAME = "$(TARGET_NAME)";
				TEST_HOST = "$(BUILT_PRODUCTS_DIR)/PageController.app/PageController";
			};
			name = Debug;
		};
		DCAD196B1A24C92D00B6BCA9 /* Release */ = {
			isa = XCBuildConfiguration;
			buildSettings = {
				BUNDLE_LOADER = "$(TEST_HOST)";
				FRAMEWORK_SEARCH_PATHS = (
					"$(SDKROOT)/Developer/Library/Frameworks",
					"$(inherited)",
				);
				INFOPLIST_FILE = PageControllerTests/Info.plist;
				LD_RUNPATH_SEARCH_PATHS = "$(inherited) @executable_path/Frameworks @loader_path/Frameworks";
				PRODUCT_NAME = "$(TARGET_NAME)";
				TEST_HOST = "$(BUILT_PRODUCTS_DIR)/PageController.app/PageController";
			};
			name = Release;
		};
/* End XCBuildConfiguration section */

/* Begin XCConfigurationList section */
		DCAD193E1A24C92D00B6BCA9 /* Build configuration list for PBXProject "PageController" */ = {
			isa = XCConfigurationList;
			buildConfigurations = (
				DCAD19641A24C92D00B6BCA9 /* Debug */,
				DCAD19651A24C92D00B6BCA9 /* Release */,
			);
			defaultConfigurationIsVisible = 0;
			defaultConfigurationName = Release;
		};
		DCAD19661A24C92D00B6BCA9 /* Build configuration list for PBXNativeTarget "PageController" */ = {
			isa = XCConfigurationList;
			buildConfigurations = (
				DCAD19671A24C92D00B6BCA9 /* Debug */,
				DCAD19681A24C92D00B6BCA9 /* Release */,
			);
			defaultConfigurationIsVisible = 0;
			defaultConfigurationName = Release;
		};
		DCAD19691A24C92D00B6BCA9 /* Build configuration list for PBXNativeTarget "PageControllerTests" */ = {
			isa = XCConfigurationList;
			buildConfigurations = (
				DCAD196A1A24C92D00B6BCA9 /* Debug */,
				DCAD196B1A24C92D00B6BCA9 /* Release */,
			);
			defaultConfigurationIsVisible = 0;
			defaultConfigurationName = Release;
		};
/* End XCConfigurationList section */
	};
	rootObject = DCAD193B1A24C92D00B6BCA9 /* Project object */;
}
